dependencies:
  espressif/cjson:
    component_hash: e788323270d90738662d66fffa910bfe1fba019bba087f01557e70c40485b469
    dependencies:
    - name: idf
      require: private
      version: '>=5.0'
    source:
      registry_url: https://components.espressif.com/
      type: service
    version: 1.7.19~2
  espressif/esp_tinyusb:
    component_hash: 8e57a14ac14d8e4d4588b5b9222977b96475323bcebae3c838919bb4e8587887
    dependencies:
    - name: idf
      require: private
      version: '>=5.0'
    - name: espressif/tinyusb
      registry_url: https://components.espressif.com
      require: public
      version: '>=0.17.0~2'
    source:
      registry_url: https://components.espressif.com/
      type: service
    targets:
    - esp32s2
    - esp32s3
    - esp32p4
    - esp32h4
    - esp32s31
    version: 2.2.0
  espressif/qrcode:
    component_hash: 31e70991ce22f28d73a4386417fc9c0993f61e1aab1832474fd9e3db8da9dcbd
    dependencies: []
    source:
      registry_url: https://components.espressif.com/
      type: service
    version: 0.2.0
  espressif/tinyusb:
    component_hash: 16c8d774dab1f484d3e0c0f61105624d2424bbae864efd19818baf7b451b41e7
    dependencies:
    - name: idf
      require: private
      version: '>=5.0'
    source:
      registry_url: https://components.espressif.com
      type: service
    targets:
    - esp32s2
    - esp32s3
    - esp32p4
    - esp32h4
    - esp32s31
    version: 0.21.0~2
  idf:
    source:
      type: idf
    version: 6.1.0
direct_dependencies:
- espressif/cjson
- espressif/esp_tinyusb
- espressif/qrcode
- idf
manifest_hash: 735c568dbe0abb8d1cd48f3a76bc10319ac05ff6d6409abe20e3ccff92c10676
target: esp32s3
version: 3.0.0
